
Microsoft Visual Studio Solution File, Format Version 12.00
# Visual Studio Version 17
VisualStudioVersion = 17.5.002.0
MinimumVisualStudioVersion = 10.0.40219.1
Project("{9A19103F-16F7-4668-BE54-9A1E7A4F7556}") = "practica6-AlexisDiaz299", "practica6-AlexisDiaz299.csproj", "{60134DD0-A45D-4ECA-B301-EC14123B9805}"
EndProject
Global
	GlobalSection(SolutionConfigurationPlatforms) = preSolution
		Debug|Any CPU = Debug|Any CPU
		Release|Any CPU = Release|Any CPU
	EndGlobalSection
	GlobalSection(ProjectConfigurationPlatforms) = postSolution
		{60134DD0-A45D-4ECA-B301-EC14123B9805}.Debug|Any CPU.ActiveCfg = Debug|Any CPU
		{60134DD0-A45D-4ECA-B301-EC14123B9805}.Debug|Any CPU.Build.0 = Debug|Any CPU
		{60134DD0-A45D-4ECA-B301-EC14123B9805}.Release|Any CPU.ActiveCfg = Release|Any CPU
		{60134DD0-A45D-4ECA-B301-EC14123B9805}.Release|Any CPU.Build.0 = Release|Any CPU
	EndGlobalSection
	GlobalSection(SolutionProperties) = preSolution
		HideSolutionNode = FALSE
	EndGlobalSection
	GlobalSection(ExtensibilityGlobals) = postSolution
		SolutionGuid = {5F159BB5-55FA-4FD3-AACA-A562D57C294D}
	EndGlobalSection
EndGlobal
